
Microsoft Visual Studio Solution File, Format Version 12.00
# Visual Studio 2013
VisualStudioVersion = 12.0.21005.1
MinimumVisualStudioVersion = 10.0.40219.1
Project("{FAE04EC0-301F-11D3-BF4B-00C04F79EFBC}") = "SharePointAppClaims", "SharePointAppClaims\SharePointAppClaims.csproj", "{F248EEA2-16C6-4638-A1CF-1C80057FBB5D}"
EndProject
Project("{FAE04EC0-301F-11D3-BF4B-00C04F79EFBC}") = "SharePointAppClaimsWeb", "SharePointAppClaimsWeb\SharePointAppClaimsWeb.csproj", "{EAD16BFD-14CD-40F0-B340-DE6AB2DCE161}"
EndProject
Project("{FAE04EC0-301F-11D3-BF4B-00C04F79EFBC}") = "JCI.PageExpiration.CommonUtitilities", "JCI.PageExpiration.CommonUtitilities\JCI.PageExpiration.CommonUtitilities.csproj", "{12A16302-DD45-4C6B-8B80-544F646885D7}"
EndProject
Project("{FAE04EC0-301F-11D3-BF4B-00C04F79EFBC}") = "JCI.PageExpiration.Data", "JCI.PageExpiration.Data\JCI.PageExpiration.Data.csproj", "{CFE2E68B-CF73-403C-89B7-EF101B24E538}"
EndProject
Global
	GlobalSection(SolutionConfigurationPlatforms) = preSolution
		Debug|Any CPU = Debug|Any CPU
		Release|Any CPU = Release|Any CPU
	EndGlobalSection
	GlobalSection(ProjectConfigurationPlatforms) = postSolution
		{F248EEA2-16C6-4638-A1CF-1C80057FBB5D}.Debug|Any CPU.ActiveCfg = Debug|Any CPU
		{F248EEA2-16C6-4638-A1CF-1C80057FBB5D}.Debug|Any CPU.Build.0 = Debug|Any CPU
		{F248EEA2-16C6-4638-A1CF-1C80057FBB5D}.Debug|Any CPU.Deploy.0 = Debug|Any CPU
		{F248EEA2-16C6-4638-A1CF-1C80057FBB5D}.Release|Any CPU.ActiveCfg = Release|Any CPU
		{F248EEA2-16C6-4638-A1CF-1C80057FBB5D}.Release|Any CPU.Build.0 = Release|Any CPU
		{F248EEA2-16C6-4638-A1CF-1C80057FBB5D}.Release|Any CPU.Deploy.0 = Release|Any CPU
		{EAD16BFD-14CD-40F0-B340-DE6AB2DCE161}.Debug|Any CPU.ActiveCfg = Debug|Any CPU
		{EAD16BFD-14CD-40F0-B340-DE6AB2DCE161}.Debug|Any CPU.Build.0 = Debug|Any CPU
		{EAD16BFD-14CD-40F0-B340-DE6AB2DCE161}.Release|Any CPU.ActiveCfg = Release|Any CPU
		{EAD16BFD-14CD-40F0-B340-DE6AB2DCE161}.Release|Any CPU.Build.0 = Release|Any CPU
		{12A16302-DD45-4C6B-8B80-544F646885D7}.Debug|Any CPU.ActiveCfg = Debug|Any CPU
		{12A16302-DD45-4C6B-8B80-544F646885D7}.Debug|Any CPU.Build.0 = Debug|Any CPU
		{12A16302-DD45-4C6B-8B80-544F646885D7}.Release|Any CPU.ActiveCfg = Release|Any CPU
		{12A16302-DD45-4C6B-8B80-544F646885D7}.Release|Any CPU.Build.0 = Release|Any CPU
		{CFE2E68B-CF73-403C-89B7-EF101B24E538}.Debug|Any CPU.ActiveCfg = Debug|Any CPU
		{CFE2E68B-CF73-403C-89B7-EF101B24E538}.Debug|Any CPU.Build.0 = Debug|Any CPU
		{CFE2E68B-CF73-403C-89B7-EF101B24E538}.Release|Any CPU.ActiveCfg = Release|Any CPU
		{CFE2E68B-CF73-403C-89B7-EF101B24E538}.Release|Any CPU.Build.0 = Release|Any CPU
	EndGlobalSection
	GlobalSection(SolutionProperties) = preSolution
		HideSolutionNode = FALSE
	EndGlobalSection
EndGlobal
